// !$*UTF8*$!
{
	archiveVersion = 1;
	classes = {
	};
	objectVersion = 46;
	objects = {

/* Begin PBXBuildFile section */
		520026E318FB683600FE6850 /* QuartzCore.framework in Frameworks */ = {isa = PBXBuildFile; fileRef = 520026E218FB683600FE6850 /* QuartzCore.framework */; };
		520026E518FB684600FE6850 /* SystemConfiguration.framework in Frameworks */ = {isa = PBXBuildFile; fileRef = 520026E418FB684600FE6850 /* SystemConfiguration.framework */; };
		520026E718FB686E00FE6850 /* AdSupport.framework in Frameworks */ = {isa = PBXBuildFile; fileRef = 520026E618FB686E00FE6850 /* AdSupport.framework */; settings = {ATTRIBUTES = (Required, ); }; };
		520026E918FB687E00FE6850 /* StoreKit.framework in Frameworks */ = {isa = PBXBuildFile; fileRef = 520026E818FB687E00FE6850 /* StoreKit.framework */; settings = {ATTRIBUTES = (Required, ); }; };
		520026F018FB704E00FE6850 /* CHANGELOG.md in Resources */ = {isa = PBXBuildFile; fileRef = 520026EC18FB704E00FE6850 /* CHANGELOG.md */; };
		520026F118FB704E00FE6850 /* libChartboost.a in Frameworks */ = {isa = PBXBuildFile; fileRef = 520026EE18FB704E00FE6850 /* libChartboost.a */; };
		520026F218FB704E00FE6850 /* README.md in Resources */ = {isa = PBXBuildFile; fileRef = 520026EF18FB704E00FE6850 /* README.md */; };
		52170CD11966046F00D99DCA /* LaunchScene.m in Sources */ = {isa = PBXBuildFile; fileRef = 52170CD01966046F00D99DCA /* LaunchScene.m */; };
		52203CA718F61651001D4575 /* MainMenuScene.m in Sources */ = {isa = PBXBuildFile; fileRef = 52203CA618F61651001D4575 /* MainMenuScene.m */; };
		52203CA918F616EF001D4575 /* PlayerData.plist in Resources */ = {isa = PBXBuildFile; fileRef = 52203CA818F616EF001D4575 /* PlayerData.plist */; };
		52203CAC18F61823001D4575 /* SpriteSelectScene.m in Sources */ = {isa = PBXBuildFile; fileRef = 52203CAB18F61823001D4575 /* SpriteSelectScene.m */; };
		52203CAF18F77AF0001D4575 /* GameOverScene.m in Sources */ = {isa = PBXBuildFile; fileRef = 52203CAE18F77AF0001D4575 /* GameOverScene.m */; };
		5232F71718F2403D009EEB77 /* Foundation.framework in Frameworks */ = {isa = PBXBuildFile; fileRef = 5232F71618F2403D009EEB77 /* Foundation.framework */; };
		5232F71918F2403D009EEB77 /* CoreGraphics.framework in Frameworks */ = {isa = PBXBuildFile; fileRef = 5232F71818F2403D009EEB77 /* CoreGraphics.framework */; };
		5232F71B18F2403D009EEB77 /* UIKit.framework in Frameworks */ = {isa = PBXBuildFile; fileRef = 5232F71A18F2403D009EEB77 /* UIKit.framework */; };
		5232F71D18F2403D009EEB77 /* SpriteKit.framework in Frameworks */ = {isa = PBXBuildFile; fileRef = 5232F71C18F2403D009EEB77 /* SpriteKit.framework */; };
		5232F72318F2403D009EEB77 /* InfoPlist.strings in Resources */ = {isa = PBXBuildFile; fileRef = 5232F72118F2403D009EEB77 /* InfoPlist.strings */; };
		5232F72518F2403D009EEB77 /* main.m in Sources */ = {isa = PBXBuildFile; fileRef = 5232F72418F2403D009EEB77 /* main.m */; };
		5232F72918F2403D009EEB77 /* AppDelegate.m in Sources */ = {isa = PBXBuildFile; fileRef = 5232F72818F2403D009EEB77 /* AppDelegate.m */; };
		5232F72C18F2403D009EEB77 /* Main.storyboard in Resources */ = {isa = PBXBuildFile; fileRef = 5232F72A18F2403D009EEB77 /* Main.storyboard */; };
		5232F72F18F2403D009EEB77 /* ViewController.m in Sources */ = {isa = PBXBuildFile; fileRef = 5232F72E18F2403D009EEB77 /* ViewController.m */; };
		5232F73618F2403D009EEB77 /* Images.xcassets in Resources */ = {isa = PBXBuildFile; fileRef = 5232F73518F2403D009EEB77 /* Images.xcassets */; };
		5232F73D18F2403D009EEB77 /* XCTest.framework in Frameworks */ = {isa = PBXBuildFile; fileRef = 5232F73C18F2403D009EEB77 /* XCTest.framework */; };
		5232F73E18F2403D009EEB77 /* Foundation.framework in Frameworks */ = {isa = PBXBuildFile; fileRef = 5232F71618F2403D009EEB77 /* Foundation.framework */; };
		5232F73F18F2403D009EEB77 /* UIKit.framework in Frameworks */ = {isa = PBXBuildFile; fileRef = 5232F71A18F2403D009EEB77 /* UIKit.framework */; };
		5232F74718F2403D009EEB77 /* InfoPlist.strings in Resources */ = {isa = PBXBuildFile; fileRef = 5232F74518F2403D009EEB77 /* InfoPlist.strings */; };
		5232F74918F2403D009EEB77 /* SuperSparrowTests.m in Sources */ = {isa = PBXBuildFile; fileRef = 5232F74818F2403D009EEB77 /* SuperSparrowTests.m */; };
		5232F75418F387FB009EEB77 /* MainGameScene.m in Sources */ = {isa = PBXBuildFile; fileRef = 5232F75318F387FB009EEB77 /* MainGameScene.m */; };
		5232F75718F4EAD4009EEB77 /* Ceiling.m in Sources */ = {isa = PBXBuildFile; fileRef = 5232F75618F4EAD4009EEB77 /* Ceiling.m */; };
		52A711DB195CEFC200CAA2AC /* .gitignore in Resources */ = {isa = PBXBuildFile; fileRef = 52A711B3195CEFC200CAA2AC /* .gitignore */; };
		52A711DC195CEFC200CAA2AC /* Appirater.m in Sources */ = {isa = PBXBuildFile; fileRef = 52A711B5195CEFC200CAA2AC /* Appirater.m */; };
		52A711DD195CEFC200CAA2AC /* Appirater.podspec in Resources */ = {isa = PBXBuildFile; fileRef = 52A711B6195CEFC200CAA2AC /* Appirater.podspec */; };
		52A711DE195CEFC200CAA2AC /* AppiraterLocalizable.strings in Resources */ = {isa = PBXBuildFile; fileRef = 52A711B8195CEFC200CAA2AC /* AppiraterLocalizable.strings */; };
		52A711DF195CEFC200CAA2AC /* CHANGELOG.md in Resources */ = {isa = PBXBuildFile; fileRef = 52A711BB195CEFC200CAA2AC /* CHANGELOG.md */; };
		52A711E0195CEFC200CAA2AC /* README.md in Resources */ = {isa = PBXBuildFile; fileRef = 52A711D0195CEFC200CAA2AC /* README.md */; };
		83C22A05190B7D81009C0A9C /* electricity.wav in Resources */ = {isa = PBXBuildFile; fileRef = 83C22A02190B7D81009C0A9C /* electricity.wav */; };
		83C22A07190B7D81009C0A9C /* whoosh.wav in Resources */ = {isa = PBXBuildFile; fileRef = 83C22A04190B7D81009C0A9C /* whoosh.wav */; };
		83C22A09190B80F3009C0A9C /* select.wav in Resources */ = {isa = PBXBuildFile; fileRef = 83C22A08190B80F3009C0A9C /* select.wav */; };
		83C22A0B190B8705009C0A9C /* SuperSparrow.wav in Resources */ = {isa = PBXBuildFile; fileRef = 83C22A0A190B8705009C0A9C /* SuperSparrow.wav */; };
/* End PBXBuildFile section */

/* Begin PBXContainerItemProxy section */
		5232F74018F2403D009EEB77 /* PBXContainerItemProxy */ = {
			isa = PBXContainerItemProxy;
			containerPortal = 5232F70B18F2403D009EEB77 /* Project object */;
			proxyType = 1;
			remoteGlobalIDString = 5232F71218F2403D009EEB77;
			remoteInfo = Supersonic;
		};
/* End PBXContainerItemProxy section */

/* Begin PBXFileReference section */
		520026E218FB683600FE6850 /* QuartzCore.framework */ = {isa = PBXFileReference; lastKnownFileType = wrapper.framework; name = QuartzCore.framework; path = System/Library/Frameworks/QuartzCore.framework; sourceTree = SDKROOT; };
		520026E418FB684600FE6850 /* SystemConfiguration.framework */ = {isa = PBXFileReference; lastKnownFileType = wrapper.framework; name = SystemConfiguration.framework; path = System/Library/Frameworks/SystemConfiguration.framework; sourceTree = SDKROOT; };
		520026E618FB686E00FE6850 /* AdSupport.framework */ = {isa = PBXFileReference; lastKnownFileType = wrapper.framework; name = AdSupport.framework; path = System/Library/Frameworks/AdSupport.framework; sourceTree = SDKROOT; };
		520026E818FB687E00FE6850 /* StoreKit.framework */ = {isa = PBXFileReference; lastKnownFileType = wrapper.framework; name = StoreKit.framework; path = System/Library/Frameworks/StoreKit.framework; sourceTree = SDKROOT; };
		520026EC18FB704E00FE6850 /* CHANGELOG.md */ = {isa = PBXFileReference; fileEncoding = 4; lastKnownFileType = text; path = CHANGELOG.md; sourceTree = "<group>"; };
		520026ED18FB704E00FE6850 /* Chartboost.h */ = {isa = PBXFileReference; fileEncoding = 4; lastKnownFileType = sourcecode.c.h; path = Chartboost.h; sourceTree = "<group>"; };
		520026EE18FB704E00FE6850 /* libChartboost.a */ = {isa = PBXFileReference; lastKnownFileType = archive.ar; path = libChartboost.a; sourceTree = "<group>"; };
		520026EF18FB704E00FE6850 /* README.md */ = {isa = PBXFileReference; fileEncoding = 4; lastKnownFileType = text; path = README.md; sourceTree = "<group>"; };
		52170CCF1966046F00D99DCA /* LaunchScene.h */ = {isa = PBXFileReference; fileEncoding = 4; lastKnownFileType = sourcecode.c.h; path = LaunchScene.h; sourceTree = "<group>"; };
		52170CD01966046F00D99DCA /* LaunchScene.m */ = {isa = PBXFileReference; fileEncoding = 4; lastKnownFileType = sourcecode.c.objc; path = LaunchScene.m; sourceTree = "<group>"; };
		52203CA518F61651001D4575 /* MainMenuScene.h */ = {isa = PBXFileReference; fileEncoding = 4; lastKnownFileType = sourcecode.c.h; path = MainMenuScene.h; sourceTree = "<group>"; };
		52203CA618F61651001D4575 /* MainMenuScene.m */ = {isa = PBXFileReference; fileEncoding = 4; lastKnownFileType = sourcecode.c.objc; path = MainMenuScene.m; sourceTree = "<group>"; };
		52203CA818F616EF001D4575 /* PlayerData.plist */ = {isa = PBXFileReference; fileEncoding = 4; lastKnownFileType = text.plist.xml; path = PlayerData.plist; sourceTree = "<group>"; };
		52203CAA18F61823001D4575 /* SpriteSelectScene.h */ = {isa = PBXFileReference; fileEncoding = 4; lastKnownFileType = sourcecode.c.h; path = SpriteSelectScene.h; sourceTree = "<group>"; };
		52203CAB18F61823001D4575 /* SpriteSelectScene.m */ = {isa = PBXFileReference; fileEncoding = 4; lastKnownFileType = sourcecode.c.objc; path = SpriteSelectScene.m; sourceTree = "<group>"; };
		52203CAD18F77AF0001D4575 /* GameOverScene.h */ = {isa = PBXFileReference; fileEncoding = 4; lastKnownFileType = sourcecode.c.h; path = GameOverScene.h; sourceTree = "<group>"; };
		52203CAE18F77AF0001D4575 /* GameOverScene.m */ = {isa = PBXFileReference; fileEncoding = 4; lastKnownFileType = sourcecode.c.objc; path = GameOverScene.m; sourceTree = "<group>"; };
		5232F71318F2403D009EEB77 /* SuperSparrow.app */ = {isa = PBXFileReference; explicitFileType = wrapper.application; includeInIndex = 0; path = SuperSparrow.app; sourceTree = BUILT_PRODUCTS_DIR; };
		5232F71618F2403D009EEB77 /* Foundation.framework */ = {isa = PBXFileReference; lastKnownFileType = wrapper.framework; name = Foundation.framework; path = System/Library/Frameworks/Foundation.framework; sourceTree = SDKROOT; };
		5232F71818F2403D009EEB77 /* CoreGraphics.framework */ = {isa = PBXFileReference; lastKnownFileType = wrapper.framework; name = CoreGraphics.framework; path = System/Library/Frameworks/CoreGraphics.framework; sourceTree = SDKROOT; };
		5232F71A18F2403D009EEB77 /* UIKit.framework */ = {isa = PBXFileReference; lastKnownFileType = wrapper.framework; name = UIKit.framework; path = System/Library/Frameworks/UIKit.framework; sourceTree = SDKROOT; };
		5232F71C18F2403D009EEB77 /* SpriteKit.framework */ = {isa = PBXFileReference; lastKnownFileType = wrapper.framework; name = SpriteKit.framework; path = System/Library/Frameworks/SpriteKit.framework; sourceTree = SDKROOT; };
		5232F72018F2403D009EEB77 /* SuperSparrow-Info.plist */ = {isa = PBXFileReference; lastKnownFileType = text.plist.xml; path = "SuperSparrow-Info.plist"; sourceTree = "<group>"; };
		5232F72218F2403D009EEB77 /* en */ = {isa = PBXFileReference; lastKnownFileType = text.plist.strings; name = en; path = en.lproj/InfoPlist.strings; sourceTree = "<group>"; };
		5232F72418F2403D009EEB77 /* main.m */ = {isa = PBXFileReference; lastKnownFileType = sourcecode.c.objc; path = main.m; sourceTree = "<group>"; };
		5232F72718F2403D009EEB77 /* AppDelegate.h */ = {isa = PBXFileReference; lastKnownFileType = sourcecode.c.h; path = AppDelegate.h; sourceTree = "<group>"; };
		5232F72818F2403D009EEB77 /* AppDelegate.m */ = {isa = PBXFileReference; lastKnownFileType = sourcecode.c.objc; path = AppDelegate.m; sourceTree = "<group>"; };
		5232F72B18F2403D009EEB77 /* Base */ = {isa = PBXFileReference; lastKnownFileType = file.storyboard; name = Base; path = Base.lproj/Main.storyboard; sourceTree = "<group>"; };
		5232F72D18F2403D009EEB77 /* ViewController.h */ = {isa = PBXFileReference; lastKnownFileType = sourcecode.c.h; path = ViewController.h; sourceTree = "<group>"; };
		5232F72E18F2403D009EEB77 /* ViewController.m */ = {isa = PBXFileReference; lastKnownFileType = sourcecode.c.objc; path = ViewController.m; sourceTree = "<group>"; };
		5232F73518F2403D009EEB77 /* Images.xcassets */ = {isa = PBXFileReference; lastKnownFileType = folder.assetcatalog; path = Images.xcassets; sourceTree = "<group>"; };
		5232F73B18F2403D009EEB77 /* SuperSparrowTests.xctest */ = {isa = PBXFileReference; explicitFileType = wrapper.cfbundle; includeInIndex = 0; path = SuperSparrowTests.xctest; sourceTree = BUILT_PRODUCTS_DIR; };
		5232F73C18F2403D009EEB77 /* XCTest.framework */ = {isa = PBXFileReference; lastKnownFileType = wrapper.framework; name = XCTest.framework; path = Library/Frameworks/XCTest.framework; sourceTree = DEVELOPER_DIR; };
		5232F74418F2403D009EEB77 /* SuperSparrowTests-Info.plist */ = {isa = PBXFileReference; lastKnownFileType = text.plist.xml; path = "SuperSparrowTests-Info.plist"; sourceTree = "<group>"; };
		5232F74618F2403D009EEB77 /* en */ = {isa = PBXFileReference; lastKnownFileType = text.plist.strings; name = en; path = en.lproj/InfoPlist.strings; sourceTree = "<group>"; };
		5232F74818F2403D009EEB77 /* SuperSparrowTests.m */ = {isa = PBXFileReference; lastKnownFileType = sourcecode.c.objc; path = SuperSparrowTests.m; sourceTree = "<group>"; };
		5232F75218F387FB009EEB77 /* MainGameScene.h */ = {isa = PBXFileReference; fileEncoding = 4; lastKnownFileType = sourcecode.c.h; path = MainGameScene.h; sourceTree = "<group>"; };
		5232F75318F387FB009EEB77 /* MainGameScene.m */ = {isa = PBXFileReference; fileEncoding = 4; lastKnownFileType = sourcecode.c.objc; path = MainGameScene.m; sourceTree = "<group>"; };
		5232F75518F4EAD4009EEB77 /* Ceiling.h */ = {isa = PBXFileReference; fileEncoding = 4; lastKnownFileType = sourcecode.c.h; path = Ceiling.h; sourceTree = "<group>"; };
		5232F75618F4EAD4009EEB77 /* Ceiling.m */ = {isa = PBXFileReference; fileEncoding = 4; lastKnownFileType = sourcecode.c.objc; path = Ceiling.m; sourceTree = "<group>"; };
		52A711B3195CEFC200CAA2AC /* .gitignore */ = {isa = PBXFileReference; fileEncoding = 4; lastKnownFileType = text; path = .gitignore; sourceTree = "<group>"; };
		52A711B4195CEFC200CAA2AC /* Appirater.h */ = {isa = PBXFileReference; fileEncoding = 4; lastKnownFileType = sourcecode.c.h; path = Appirater.h; sourceTree = "<group>"; };
		52A711B5195CEFC200CAA2AC /* Appirater.m */ = {isa = PBXFileReference; fileEncoding = 4; lastKnownFileType = sourcecode.c.objc; path = Appirater.m; sourceTree = "<group>"; };
		52A711B6195CEFC200CAA2AC /* Appirater.podspec */ = {isa = PBXFileReference; fileEncoding = 4; lastKnownFileType = text; path = Appirater.podspec; sourceTree = "<group>"; };
		52A711B7195CEFC200CAA2AC /* AppiraterDelegate.h */ = {isa = PBXFileReference; fileEncoding = 4; lastKnownFileType = sourcecode.c.h; path = AppiraterDelegate.h; sourceTree = "<group>"; };
		52A711B9195CEFC200CAA2AC /* ar */ = {isa = PBXFileReference; lastKnownFileType = text.plist.strings; name = ar; path = ar.lproj/AppiraterLocalizable.strings; sourceTree = "<group>"; };
		52A711BA195CEFC200CAA2AC /* ca */ = {isa = PBXFileReference; lastKnownFileType = text.plist.strings; name = ca; path = ca.lproj/AppiraterLocalizable.strings; sourceTree = "<group>"; };
		52A711BB195CEFC200CAA2AC /* CHANGELOG.md */ = {isa = PBXFileReference; fileEncoding = 4; lastKnownFileType = text; path = CHANGELOG.md; sourceTree = "<group>"; };
		52A711BC195CEFC200CAA2AC /* cs */ = {isa = PBXFileReference; lastKnownFileType = text.plist.strings; name = cs; path = cs.lproj/AppiraterLocalizable.strings; sourceTree = "<group>"; };
		52A711BD195CEFC200CAA2AC /* da */ = {isa = PBXFileReference; lastKnownFileType = text.plist.strings; name = da; path = da.lproj/AppiraterLocalizable.strings; sourceTree = "<group>"; };
		52A711BE195CEFC200CAA2AC /* de */ = {isa = PBXFileReference; lastKnownFileType = text.plist.strings; name = de; path = de.lproj/AppiraterLocalizable.strings; sourceTree = "<group>"; };
		52A711BF195CEFC200CAA2AC /* el */ = {isa = PBXFileReference; lastKnownFileType = text.plist.strings; name = el; path = el.lproj/AppiraterLocalizable.strings; sourceTree = "<group>"; };
		52A711C0195CEFC200CAA2AC /* en */ = {isa = PBXFileReference; lastKnownFileType = text.plist.strings; name = en; path = en.lproj/AppiraterLocalizable.strings; sourceTree = "<group>"; };
		52A711C1195CEFC200CAA2AC /* es */ = {isa = PBXFileReference; lastKnownFileType = text.plist.strings; name = es; path = es.lproj/AppiraterLocalizable.strings; sourceTree = "<group>"; };
		52A711C2195CEFC200CAA2AC /* fi */ = {isa = PBXFileReference; lastKnownFileType = text.plist.strings; name = fi; path = fi.lproj/AppiraterLocalizable.strings; sourceTree = "<group>"; };
		52A711C3195CEFC200CAA2AC /* fr */ = {isa = PBXFileReference; lastKnownFileType = text.plist.strings; name = fr; path = fr.lproj/AppiraterLocalizable.strings; sourceTree = "<group>"; };
		52A711C4195CEFC200CAA2AC /* he */ = {isa = PBXFileReference; lastKnownFileType = text.plist.strings; name = he; path = he.lproj/AppiraterLocalizable.strings; sourceTree = "<group>"; };
		52A711C5195CEFC200CAA2AC /* hu */ = {isa = PBXFileReference; lastKnownFileType = text.plist.strings; name = hu; path = hu.lproj/AppiraterLocalizable.strings; sourceTree = "<group>"; };
		52A711C6195CEFC200CAA2AC /* id */ = {isa = PBXFileReference; lastKnownFileType = text.plist.strings; name = id; path = id.lproj/AppiraterLocalizable.strings; sourceTree = "<group>"; };
		52A711C7195CEFC200CAA2AC /* it */ = {isa = PBXFileReference; lastKnownFileType = text.plist.strings; name = it; path = it.lproj/AppiraterLocalizable.strings; sourceTree = "<group>"; };
		52A711C8195CEFC200CAA2AC /* ja */ = {isa = PBXFileReference; lastKnownFileType = text.plist.strings; name = ja; path = ja.lproj/AppiraterLocalizable.strings; sourceTree = "<group>"; };
		52A711C9195CEFC200CAA2AC /* ko */ = {isa = PBXFileReference; lastKnownFileType = text.plist.strings; name = ko; path = ko.lproj/AppiraterLocalizable.strings; sourceTree = "<group>"; };
		52A711CA195CEFC200CAA2AC /* ms */ = {isa = PBXFileReference; lastKnownFileType = text.plist.strings; name = ms; path = ms.lproj/AppiraterLocalizable.strings; sourceTree = "<group>"; };
		52A711CB195CEFC200CAA2AC /* nb */ = {isa = PBXFileReference; lastKnownFileType = text.plist.strings; name = nb; path = nb.lproj/AppiraterLocalizable.strings; sourceTree = "<group>"; };
		52A711CC195CEFC200CAA2AC /* nl */ = {isa = PBXFileReference; lastKnownFileType = text.plist.strings; name = nl; path = nl.lproj/AppiraterLocalizable.strings; sourceTree = "<group>"; };
		52A711CD195CEFC200CAA2AC /* pl */ = {isa = PBXFileReference; lastKnownFileType = text.plist.strings; name = pl; path = pl.lproj/AppiraterLocalizable.strings; sourceTree = "<group>"; };
		52A711CE195CEFC200CAA2AC /* pt-BR */ = {isa = PBXFileReference; lastKnownFileType = text.plist.strings; name = "pt-BR"; path = "pt-BR.lproj/AppiraterLocalizable.strings"; sourceTree = "<group>"; };
		52A711CF195CEFC200CAA2AC /* pt */ = {isa = PBXFileReference; lastKnownFileType = text.plist.strings; name = pt; path = pt.lproj/AppiraterLocalizable.strings; sourceTree = "<group>"; };
		52A711D0195CEFC200CAA2AC /* README.md */ = {isa = PBXFileReference; fileEncoding = 4; lastKnownFileType = text; path = README.md; sourceTree = "<group>"; };
		52A711D1195CEFC200CAA2AC /* ro */ = {isa = PBXFileReference; lastKnownFileType = text.plist.strings; name = ro; path = ro.lproj/AppiraterLocalizable.strings; sourceTree = "<group>"; };
		52A711D2195CEFC200CAA2AC /* ru */ = {isa = PBXFileReference; lastKnownFileType = text.plist.strings; name = ru; path = ru.lproj/AppiraterLocalizable.strings; sourceTree = "<group>"; };
		52A711D3195CEFC200CAA2AC /* sk */ = {isa = PBXFileReference; lastKnownFileType = text.plist.strings; name = sk; path = sk.lproj/AppiraterLocalizable.strings; sourceTree = "<group>"; };
		52A711D4195CEFC200CAA2AC /* sv */ = {isa = PBXFileReference; lastKnownFileType = text.plist.strings; name = sv; path = sv.lproj/AppiraterLocalizable.strings; sourceTree = "<group>"; };
		52A711D5195CEFC200CAA2AC /* th */ = {isa = PBXFileReference; lastKnownFileType = text.plist.strings; name = th; path = th.lproj/AppiraterLocalizable.strings; sourceTree = "<group>"; };
		52A711D6195CEFC200CAA2AC /* tr */ = {isa = PBXFileReference; lastKnownFileType = text.plist.strings; name = tr; path = tr.lproj/AppiraterLocalizable.strings; sourceTree = "<group>"; };
		52A711D7195CEFC200CAA2AC /* uk */ = {isa = PBXFileReference; lastKnownFileType = text.plist.strings; name = uk; path = uk.lproj/AppiraterLocalizable.strings; sourceTree = "<group>"; };
		52A711D8195CEFC200CAA2AC /* vi */ = {isa = PBXFileReference; lastKnownFileType = text.plist.strings; name = vi; path = vi.lproj/AppiraterLocalizable.strings; sourceTree = "<group>"; };
		52A711D9195CEFC200CAA2AC /* zh-Hans */ = {isa = PBXFileReference; lastKnownFileType = text.plist.strings; name = "zh-Hans"; path = "zh-Hans.lproj/AppiraterLocalizable.strings"; sourceTree = "<group>"; };
		52A711DA195CEFC200CAA2AC /* zh-Hant */ = {isa = PBXFileReference; lastKnownFileType = text.plist.strings; name = "zh-Hant"; path = "zh-Hant.lproj/AppiraterLocalizable.strings"; sourceTree = "<group>"; };
		83C229FF190B7776009C0A9C /* AudioToolbox.framework */ = {isa = PBXFileReference; lastKnownFileType = wrapper.framework; name = AudioToolbox.framework; path = System/Library/Frameworks/AudioToolbox.framework; sourceTree = SDKROOT; };
		83C22A02190B7D81009C0A9C /* electricity.wav */ = {isa = PBXFileReference; lastKnownFileType = audio.wav; path = electricity.wav; sourceTree = "<group>"; };
		83C22A04190B7D81009C0A9C /* whoosh.wav */ = {isa = PBXFileReference; lastKnownFileType = audio.wav; path = whoosh.wav; sourceTree = "<group>"; };
		83C22A08190B80F3009C0A9C /* select.wav */ = {isa = PBXFileReference; lastKnownFileType = audio.wav; path = select.wav; sourceTree = "<group>"; };
		83C22A0A190B8705009C0A9C /* SuperSparrow.wav */ = {isa = PBXFileReference; lastKnownFileType = audio.wav; path = SuperSparrow.wav; sourceTree = "<group>"; };
/* End PBXFileReference section */

/* Begin PBXFrameworksBuildPhase section */
		5232F71018F2403D009EEB77 /* Frameworks */ = {
			isa = PBXFrameworksBuildPhase;
			buildActionMask = 2147483647;
			files = (
				520026E918FB687E00FE6850 /* StoreKit.framework in Frameworks */,
				520026E718FB686E00FE6850 /* AdSupport.framework in Frameworks */,
				520026E518FB684600FE6850 /* SystemConfiguration.framework in Frameworks */,
				520026E318FB683600FE6850 /* QuartzCore.framework in Frameworks */,
				5232F71918F2403D009EEB77 /* CoreGraphics.framework in Frameworks */,
				5232F71B18F2403D009EEB77 /* UIKit.framework in Frameworks */,
				5232F71D18F2403D009EEB77 /* SpriteKit.framework in Frameworks */,
				520026F118FB704E00FE6850 /* libChartboost.a in Frameworks */,
				5232F71718F2403D009EEB77 /* Foundation.framework in Frameworks */,
			);
			runOnlyForDeploymentPostprocessing = 0;
		};
		5232F73818F2403D009EEB77 /* Frameworks */ = {
			isa = PBXFrameworksBuildPhase;
			buildActionMask = 2147483647;
			files = (
				5232F73D18F2403D009EEB77 /* XCTest.framework in Frameworks */,
				5232F73F18F2403D009EEB77 /* UIKit.framework in Frameworks */,
				5232F73E18F2403D009EEB77 /* Foundation.framework in Frameworks */,
			);
			runOnlyForDeploymentPostprocessing = 0;
		};
/* End PBXFrameworksBuildPhase section */

/* Begin PBXGroup section */
		520026EB18FB704E00FE6850 /* Chartboost */ = {
			isa = PBXGroup;
			children = (
				520026EC18FB704E00FE6850 /* CHANGELOG.md */,
				520026ED18FB704E00FE6850 /* Chartboost.h */,
				520026EE18FB704E00FE6850 /* libChartboost.a */,
				520026EF18FB704E00FE6850 /* README.md */,
			);
			path = Chartboost;
			sourceTree = "<group>";
		};
		5232F70A18F2403D009EEB77 = {
			isa = PBXGroup;
			children = (
				5232F71E18F2403D009EEB77 /* SuperSparrow */,
				5232F74218F2403D009EEB77 /* SuperSparrowTests */,
				5232F71518F2403D009EEB77 /* Frameworks */,
				5232F71418F2403D009EEB77 /* Products */,
				83C22A01190B7D81009C0A9C /* Sounds */,
			);
			sourceTree = "<group>";
		};
		5232F71418F2403D009EEB77 /* Products */ = {
			isa = PBXGroup;
			children = (
				5232F71318F2403D009EEB77 /* SuperSparrow.app */,
				5232F73B18F2403D009EEB77 /* SuperSparrowTests.xctest */,
			);
			name = Products;
			sourceTree = "<group>";
		};
		5232F71518F2403D009EEB77 /* Frameworks */ = {
			isa = PBXGroup;
			children = (
				83C229FF190B7776009C0A9C /* AudioToolbox.framework */,
				520026E818FB687E00FE6850 /* StoreKit.framework */,
				520026E618FB686E00FE6850 /* AdSupport.framework */,
				520026E418FB684600FE6850 /* SystemConfiguration.framework */,
				520026E218FB683600FE6850 /* QuartzCore.framework */,
				5232F71618F2403D009EEB77 /* Foundation.framework */,
				5232F71818F2403D009EEB77 /* CoreGraphics.framework */,
				5232F71A18F2403D009EEB77 /* UIKit.framework */,
				5232F71C18F2403D009EEB77 /* SpriteKit.framework */,
				5232F73C18F2403D009EEB77 /* XCTest.framework */,
			);
			name = Frameworks;
			sourceTree = "<group>";
		};
		5232F71E18F2403D009EEB77 /* SuperSparrow */ = {
			isa = PBXGroup;
			children = (
				5232F72718F2403D009EEB77 /* AppDelegate.h */,
				5232F72818F2403D009EEB77 /* AppDelegate.m */,
				5232F72A18F2403D009EEB77 /* Main.storyboard */,
				5232F72D18F2403D009EEB77 /* ViewController.h */,
				5232F72E18F2403D009EEB77 /* ViewController.m */,
				52170CCF1966046F00D99DCA /* LaunchScene.h */,
				52170CD01966046F00D99DCA /* LaunchScene.m */,
				5232F75218F387FB009EEB77 /* MainGameScene.h */,
				5232F75318F387FB009EEB77 /* MainGameScene.m */,
				5232F75518F4EAD4009EEB77 /* Ceiling.h */,
				5232F75618F4EAD4009EEB77 /* Ceiling.m */,
				52203CA518F61651001D4575 /* MainMenuScene.h */,
				52203CA618F61651001D4575 /* MainMenuScene.m */,
				52203CAA18F61823001D4575 /* SpriteSelectScene.h */,
				52203CAB18F61823001D4575 /* SpriteSelectScene.m */,
				52203CAD18F77AF0001D4575 /* GameOverScene.h */,
				52203CAE18F77AF0001D4575 /* GameOverScene.m */,
				52A711B2195CEFC200CAA2AC /* appirater-master */,
				520026EB18FB704E00FE6850 /* Chartboost */,
				5232F73518F2403D009EEB77 /* Images.xcassets */,
				5232F71F18F2403D009EEB77 /* Supporting Files */,
			);
			name = SuperSparrow;
			path = Supersonic;
			sourceTree = "<group>";
		};
		5232F71F18F2403D009EEB77 /* Supporting Files */ = {
			isa = PBXGroup;
			children = (
				5232F72018F2403D009EEB77 /* SuperSparrow-Info.plist */,
				5232F72118F2403D009EEB77 /* InfoPlist.strings */,
				5232F72418F2403D009EEB77 /* main.m */,
				52203CA818F616EF001D4575 /* PlayerData.plist */,
			);
			name = "Supporting Files";
			sourceTree = "<group>";
		};
		5232F74218F2403D009EEB77 /* SuperSparrowTests */ = {
			isa = PBXGroup;
			children = (
				5232F74818F2403D009EEB77 /* SuperSparrowTests.m */,
				5232F74318F2403D009EEB77 /* Supporting Files */,
			);
			name = SuperSparrowTests;
			path = SupersonicTests;
			sourceTree = "<group>";
		};
		5232F74318F2403D009EEB77 /* Supporting Files */ = {
			isa = PBXGroup;
			children = (
				5232F74418F2403D009EEB77 /* SuperSparrowTests-Info.plist */,
				5232F74518F2403D009EEB77 /* InfoPlist.strings */,
			);
			name = "Supporting Files";
			sourceTree = "<group>";
		};
		52A711B2195CEFC200CAA2AC /* appirater-master */ = {
			isa = PBXGroup;
			children = (
				52A711B3195CEFC200CAA2AC /* .gitignore */,
				52A711B4195CEFC200CAA2AC /* Appirater.h */,
				52A711B5195CEFC200CAA2AC /* Appirater.m */,
				52A711B6195CEFC200CAA2AC /* Appirater.podspec */,
				52A711B7195CEFC200CAA2AC /* AppiraterDelegate.h */,
				52A711B8195CEFC200CAA2AC /* AppiraterLocalizable.strings */,
				52A711BB195CEFC200CAA2AC /* CHANGELOG.md */,
				52A711D0195CEFC200CAA2AC /* README.md */,
			);
			path = "appirater-master";
			sourceTree = "<group>";
		};
		83C22A01190B7D81009C0A9C /* Sounds */ = {
			isa = PBXGroup;
			children = (
				83C22A0A190B8705009C0A9C /* SuperSparrow.wav */,
				83C22A08190B80F3009C0A9C /* select.wav */,
				83C22A02190B7D81009C0A9C /* electricity.wav */,
				83C22A04190B7D81009C0A9C /* whoosh.wav */,
			);
			path = Sounds;
			sourceTree = SOURCE_ROOT;
		};
/* End PBXGroup section */

/* Begin PBXNativeTarget section */
		5232F71218F2403D009EEB77 /* SuperSparrow */ = {
			isa = PBXNativeTarget;
			buildConfigurationList = 5232F74C18F2403D009EEB77 /* Build configuration list for PBXNativeTarget "SuperSparrow" */;
			buildPhases = (
				5232F70F18F2403D009EEB77 /* Sources */,
				5232F71018F2403D009EEB77 /* Frameworks */,
				5232F71118F2403D009EEB77 /* Resources */,
			);
			buildRules = (
			);
			dependencies = (
			);
			name = SuperSparrow;
			productName = Supersonic;
			productReference = 5232F71318F2403D009EEB77 /* SuperSparrow.app */;
			productType = "com.apple.product-type.application";
		};
		5232F73A18F2403D009EEB77 /* SuperSparrowTests */ = {
			isa = PBXNativeTarget;
			buildConfigurationList = 5232F74F18F2403D009EEB77 /* Build configuration list for PBXNativeTarget "SuperSparrowTests" */;
			buildPhases = (
				5232F73718F2403D009EEB77 /* Sources */,
				5232F73818F2403D009EEB77 /* Frameworks */,
				5232F73918F2403D009EEB77 /* Resources */,
			);
			buildRules = (
			);
			dependencies = (
				5232F74118F2403D009EEB77 /* PBXTargetDependency */,
			);
			name = SuperSparrowTests;
			productName = SupersonicTests;
			productReference = 5232F73B18F2403D009EEB77 /* SuperSparrowTests.xctest */;
			productType = "com.apple.product-type.bundle.unit-test";
		};
/* End PBXNativeTarget section */

/* Begin PBXProject section */
		5232F70B18F2403D009EEB77 /* Project object */ = {
			isa = PBXProject;
			attributes = {
				LastUpgradeCheck = 0510;
				ORGANIZATIONNAME = SpitballStudios;
				TargetAttributes = {
					5232F71218F2403D009EEB77 = {
						DevelopmentTeam = 74N98FR8BD;
					};
					5232F73A18F2403D009EEB77 = {
						TestTargetID = 5232F71218F2403D009EEB77;
					};
				};
			};
			buildConfigurationList = 5232F70E18F2403D009EEB77 /* Build configuration list for PBXProject "SuperSparrow" */;
			compatibilityVersion = "Xcode 3.2";
			developmentRegion = English;
			hasScannedForEncodings = 0;
			knownRegions = (
				en,
				Base,
				ar,
				ca,
				cs,
				da,
				de,
				el,
				es,
				fi,
				fr,
				he,
				hu,
				id,
				it,
				ja,
				ko,
				ms,
				nb,
				nl,
				pl,
				"pt-BR",
				pt,
				ro,
				ru,
				sk,
				sv,
				th,
				tr,
				uk,
				vi,
				"zh-Hans",
				"zh-Hant",
			);
			mainGroup = 5232F70A18F2403D009EEB77;
			productRefGroup = 5232F71418F2403D009EEB77 /* Products */;
			projectDirPath = "";
			projectRoot = "";
			targets = (
				5232F71218F2403D009EEB77 /* SuperSparrow */,
				5232F73A18F2403D009EEB77 /* SuperSparrowTests */,
			);
		};
/* End PBXProject section */

/* Begin PBXResourcesBuildPhase section */
		5232F71118F2403D009EEB77 /* Resources */ = {
			isa = PBXResourcesBuildPhase;
			buildActionMask = 2147483647;
			files = (
				520026F218FB704E00FE6850 /* README.md in Resources */,
				83C22A0B190B8705009C0A9C /* SuperSparrow.wav in Resources */,
				52A711DE195CEFC200CAA2AC /* AppiraterLocalizable.strings in Resources */,
				5232F72318F2403D009EEB77 /* InfoPlist.strings in Resources */,
				520026F018FB704E00FE6850 /* CHANGELOG.md in Resources */,
				52A711DF195CEFC200CAA2AC /* CHANGELOG.md in Resources */,
				52A711DB195CEFC200CAA2AC /* .gitignore in Resources */,
				83C22A09190B80F3009C0A9C /* select.wav in Resources */,
				52203CA918F616EF001D4575 /* PlayerData.plist in Resources */,
				5232F73618F2403D009EEB77 /* Images.xcassets in Resources */,
				83C22A05190B7D81009C0A9C /* electricity.wav in Resources */,
				52A711DD195CEFC200CAA2AC /* Appirater.podspec in Resources */,
				52A711E0195CEFC200CAA2AC /* README.md in Resources */,
				83C22A07190B7D81009C0A9C /* whoosh.wav in Resources */,
				5232F72C18F2403D009EEB77 /* Main.storyboard in Resources */,
			);
			runOnlyForDeploymentPostprocessing = 0;
		};
		5232F73918F2403D009EEB77 /* Resources */ = {
			isa = PBXResourcesBuildPhase;
			buildActionMask = 2147483647;
			files = (
				5232F74718F2403D009EEB77 /* InfoPlist.strings in Resources */,
			);
			runOnlyForDeploymentPostprocessing = 0;
		};
/* End PBXResourcesBuildPhase section */

/* Begin PBXSourcesBuildPhase section */
		5232F70F18F2403D009EEB77 /* Sources */ = {
			isa = PBXSourcesBuildPhase;
			buildActionMask = 2147483647;
			files = (
				52A711DC195CEFC200CAA2AC /* Appirater.m in Sources */,
				5232F72F18F2403D009EEB77 /* ViewController.m in Sources */,
				5232F72918F2403D009EEB77 /* AppDelegate.m in Sources */,
				52170CD11966046F00D99DCA /* LaunchScene.m in Sources */,
				5232F72518F2403D009EEB77 /* main.m in Sources */,
				52203CAC18F61823001D4575 /* SpriteSelectScene.m in Sources */,
				5232F75418F387FB009EEB77 /* MainGameScene.m in Sources */,
				52203CA718F61651001D4575 /* MainMenuScene.m in Sources */,
				52203CAF18F77AF0001D4575 /* GameOverScene.m in Sources */,
				5232F75718F4EAD4009EEB77 /* Ceiling.m in Sources */,
			);
			runOnlyForDeploymentPostprocessing = 0;
		};
		5232F73718F2403D009EEB77 /* Sources */ = {
			isa = PBXSourcesBuildPhase;
			buildActionMask = 2147483647;
			files = (
				5232F74918F2403D009EEB77 /* SuperSparrowTests.m in Sources */,
			);
			runOnlyForDeploymentPostprocessing = 0;
		};
/* End PBXSourcesBuildPhase section */

/* Begin PBXTargetDependency section */
		5232F74118F2403D009EEB77 /* PBXTargetDependency */ = {
			isa = PBXTargetDependency;
			target = 5232F71218F2403D009EEB77 /* SuperSparrow */;
			targetProxy = 5232F74018F2403D009EEB77 /* PBXContainerItemProxy */;
		};
/* End PBXTargetDependency section */

/* Begin PBXVariantGroup section */
		5232F72118F2403D009EEB77 /* InfoPlist.strings */ = {
			isa = PBXVariantGroup;
			children = (
				5232F72218F2403D009EEB77 /* en */,
			);
			name = InfoPlist.strings;
			sourceTree = "<group>";
		};
		5232F72A18F2403D009EEB77 /* Main.storyboard */ = {
			isa = PBXVariantGroup;
			children = (
				5232F72B18F2403D009EEB77 /* Base */,
			);
			name = Main.storyboard;
			sourceTree = "<group>";
		};
		5232F74518F2403D009EEB77 /* InfoPlist.strings */ = {
			isa = PBXVariantGroup;
			children = (
				5232F74618F2403D009EEB77 /* en */,
			);
			name = InfoPlist.strings;
			sourceTree = "<group>";
		};
		52A711B8195CEFC200CAA2AC /* AppiraterLocalizable.strings */ = {
			isa = PBXVariantGroup;
			children = (
				52A711B9195CEFC200CAA2AC /* ar */,
				52A711BA195CEFC200CAA2AC /* ca */,
				52A711BC195CEFC200CAA2AC /* cs */,
				52A711BD195CEFC200CAA2AC /* da */,
				52A711BE195CEFC200CAA2AC /* de */,
				52A711BF195CEFC200CAA2AC /* el */,
				52A711C0195CEFC200CAA2AC /* en */,
				52A711C1195CEFC200CAA2AC /* es */,
				52A711C2195CEFC200CAA2AC /* fi */,
				52A711C3195CEFC200CAA2AC /* fr */,
				52A711C4195CEFC200CAA2AC /* he */,
				52A711C5195CEFC200CAA2AC /* hu */,
				52A711C6195CEFC200CAA2AC /* id */,
				52A711C7195CEFC200CAA2AC /* it */,
				52A711C8195CEFC200CAA2AC /* ja */,
				52A711C9195CEFC200CAA2AC /* ko */,
				52A711CA195CEFC200CAA2AC /* ms */,
				52A711CB195CEFC200CAA2AC /* nb */,
				52A711CC195CEFC200CAA2AC /* nl */,
				52A711CD195CEFC200CAA2AC /* pl */,
				52A711CE195CEFC200CAA2AC /* pt-BR */,
				52A711CF195CEFC200CAA2AC /* pt */,
				52A711D1195CEFC200CAA2AC /* ro */,
				52A711D2195CEFC200CAA2AC /* ru */,
				52A711D3195CEFC200CAA2AC /* sk */,
				52A711D4195CEFC200CAA2AC /* sv */,
				52A711D5195CEFC200CAA2AC /* th */,
				52A711D6195CEFC200CAA2AC /* tr */,
				52A711D7195CEFC200CAA2AC /* uk */,
				52A711D8195CEFC200CAA2AC /* vi */,
				52A711D9195CEFC200CAA2AC /* zh-Hans */,
				52A711DA195CEFC200CAA2AC /* zh-Hant */,
			);
			name = AppiraterLocalizable.strings;
			sourceTree = "<group>";
		};
/* End PBXVariantGroup section */

/* Begin XCBuildConfiguration section */
		5232F74A18F2403D009EEB77 /* Debug */ = {
			isa = XCBuildConfiguration;
			buildSettings = {
				ALWAYS_SEARCH_USER_PATHS = NO;
				CLANG_CXX_LANGUAGE_STANDARD = "gnu++0x";
				CLANG_CXX_LIBRARY = "libc++";
				CLANG_ENABLE_MODULES = YES;
				CLANG_ENABLE_OBJC_ARC = YES;
				CLANG_WARN_BOOL_CONVERSION = YES;
				CLANG_WARN_CONSTANT_CONVERSION = YES;
				CLANG_WARN_DIRECT_OBJC_ISA_USAGE = YES_ERROR;
				CLANG_WARN_EMPTY_BODY = YES;
				CLANG_WARN_ENUM_CONVERSION = YES;
				CLANG_WARN_INT_CONVERSION = YES;
				CLANG_WARN_OBJC_ROOT_CLASS = YES_ERROR;
				CLANG_WARN__DUPLICATE_METHOD_MATCH = YES;
				"CODE_SIGN_IDENTITY[sdk=iphoneos*]" = "iPhone Developer";
				COPY_PHASE_STRIP = NO;
				GCC_C_LANGUAGE_STANDARD = gnu99;
				GCC_DYNAMIC_NO_PIC = NO;
				GCC_OPTIMIZATION_LEVEL = 0;
				GCC_PREPROCESSOR_DEFINITIONS = (
					"DEBUG=1",
					"$(inherited)",
				);
				GCC_SYMBOLS_PRIVATE_EXTERN = NO;
				GCC_WARN_64_TO_32_BIT_CONVERSION = YES;
				GCC_WARN_ABOUT_RETURN_TYPE = YES_ERROR;
				GCC_WARN_UNDECLARED_SELECTOR = YES;
				GCC_WARN_UNINITIALIZED_AUTOS = YES_AGGRESSIVE;
				GCC_WARN_UNUSED_FUNCTION = YES;
				GCC_WARN_UNUSED_VARIABLE = YES;
				IPHONEOS_DEPLOYMENT_TARGET = 7.0;
				ONLY_ACTIVE_ARCH = YES;
				SDKROOT = iphoneos;
			};
			name = Debug;
		};
		5232F74B18F2403D009EEB77 /* Release */ = {
			isa = XCBuildConfiguration;
			buildSettings = {
				ALWAYS_SEARCH_USER_PATHS = NO;
				CLANG_CXX_LANGUAGE_STANDARD = "gnu++0x";
				CLANG_CXX_LIBRARY = "libc++";
				CLANG_ENABLE_MODULES = YES;
				CLANG_ENABLE_OBJC_ARC = YES;
				CLANG_WARN_BOOL_CONVERSION = YES;
				CLANG_WARN_CONSTANT_CONVERSION = YES;
				CLANG_WARN_DIRECT_OBJC_ISA_USAGE = YES_ERROR;
				CLANG_WARN_EMPTY_BODY = YES;
				CLANG_WARN_ENUM_CONVERSION = YES;
				CLANG_WARN_INT_CONVERSION = YES;
				CLANG_WARN_OBJC_ROOT_CLASS = YES_ERROR;
				CLANG_WARN__DUPLICATE_METHOD_MATCH = YES;
				"CODE_SIGN_IDENTITY[sdk=iphoneos*]" = "iPhone Developer";
				COPY_PHASE_STRIP = YES;
				ENABLE_NS_ASSERTIONS = NO;
				GCC_C_LANGUAGE_STANDARD = gnu99;
				GCC_WARN_64_TO_32_BIT_CONVERSION = YES;
				GCC_WARN_ABOUT_RETURN_TYPE = YES_ERROR;
				GCC_WARN_UNDECLARED_SELECTOR = YES;
				GCC_WARN_UNINITIALIZED_AUTOS = YES_AGGRESSIVE;
				GCC_WARN_UNUSED_FUNCTION = YES;
				GCC_WARN_UNUSED_VARIABLE = YES;
				IPHONEOS_DEPLOYMENT_TARGET = 7.0;
				SDKROOT = iphoneos;
				VALIDATE_PRODUCT = YES;
			};
			name = Release;
		};
		5232F74D18F2403D009EEB77 /* Debug */ = {
			isa = XCBuildConfiguration;
			buildSettings = {
				ASSETCATALOG_COMPILER_APPICON_NAME = AppIcon;
				ASSETCATALOG_COMPILER_LAUNCHIMAGE_NAME = LaunchImage;
				CODE_SIGN_IDENTITY = "iPhone Developer";
				GCC_PRECOMPILE_PREFIX_HEADER = YES;
				GCC_PREFIX_HEADER = "Supersonic/SuperSparrow-Prefix.pch";
				INFOPLIST_FILE = "Supersonic/SuperSparrow-Info.plist";
				IPHONEOS_DEPLOYMENT_TARGET = 7.0;
				LIBRARY_SEARCH_PATHS = (
					"$(inherited)",
					"$(PROJECT_DIR)/Supersonic/Chartboost/Chartboost",
					"$(PROJECT_DIR)/Supersonic/Chartboost",
				);
				PRODUCT_NAME = SuperSparrow;
				PROVISIONING_PROFILE = "B8CF20A2-3CA0-4549-9AC3-33DD5E3108FF";
				SPRITEKIT_TEXTURE_ATLAS_OUTPUT = YES;
				WRAPPER_EXTENSION = app;
			};
			name = Debug;
		};
		5232F74E18F2403D009EEB77 /* Release */ = {
			isa = XCBuildConfiguration;
			buildSettings = {
				ASSETCATALOG_COMPILER_APPICON_NAME = AppIcon;
				ASSETCATALOG_COMPILER_LAUNCHIMAGE_NAME = LaunchImage;
				CODE_SIGN_IDENTITY = "iPhone Developer";
				GCC_PRECOMPILE_PREFIX_HEADER = YES;
				GCC_PREFIX_HEADER = "Supersonic/SuperSparrow-Prefix.pch";
				INFOPLIST_FILE = "Supersonic/SuperSparrow-Info.plist";
				IPHONEOS_DEPLOYMENT_TARGET = 7.0;
				LIBRARY_SEARCH_PATHS = (
					"$(inherited)",
					"$(PROJECT_DIR)/Supersonic/Chartboost/Chartboost",
					"$(PROJECT_DIR)/Supersonic/Chartboost",
				);
				PRODUCT_NAME = SuperSparrow;
				PROVISIONING_PROFILE = "B8CF20A2-3CA0-4549-9AC3-33DD5E3108FF";
				SPRITEKIT_TEXTURE_ATLAS_OUTPUT = YES;
				WRAPPER_EXTENSION = app;
			};
			name = Release;
		};
		5232F75018F2403D009EEB77 /* Debug */ = {
			isa = XCBuildConfiguration;
			buildSettings = {
				BUNDLE_LOADER = "$(BUILT_PRODUCTS_DIR)/Supersonic.app/Supersonic";
				FRAMEWORK_SEARCH_PATHS = (
					"$(SDKROOT)/Developer/Library/Frameworks",
					"$(inherited)",
					"$(DEVELOPER_FRAMEWORKS_DIR)",
				);
				GCC_PRECOMPILE_PREFIX_HEADER = YES;
				GCC_PREFIX_HEADER = "Supersonic/Supersonic-Prefix.pch";
				GCC_PREPROCESSOR_DEFINITIONS = (
					"DEBUG=1",
					"$(inherited)",
				);
				INFOPLIST_FILE = "SupersonicTests/SuperSparrowTests-Info.plist";
				PRODUCT_NAME = SuperSparrowTests;
				TEST_HOST = "$(BUNDLE_LOADER)";
				WRAPPER_EXTENSION = xctest;
			};
			name = Debug;
		};
		5232F75118F2403D009EEB77 /* Release */ = {
			isa = XCBuildConfiguration;
			buildSettings = {
				BUNDLE_LOADER = "$(BUILT_PRODUCTS_DIR)/Supersonic.app/Supersonic";
				FRAMEWORK_SEARCH_PATHS = (
					"$(SDKROOT)/Developer/Library/Frameworks",
					"$(inherited)",
					"$(DEVELOPER_FRAMEWORKS_DIR)",
				);
				GCC_PRECOMPILE_PREFIX_HEADER = YES;
				GCC_PREFIX_HEADER = "Supersonic/Supersonic-Prefix.pch";
				INFOPLIST_FILE = "SupersonicTests/SuperSparrowTests-Info.plist";
				PRODUCT_NAME = SuperSparrowTests;
				TEST_HOST = "$(BUNDLE_LOADER)";
				WRAPPER_EXTENSION = xctest;
			};
			name = Release;
		};
/* End XCBuildConfiguration section */

/* Begin XCConfigurationList section */
		5232F70E18F2403D009EEB77 /* Build configuration list for PBXProject "SuperSparrow" */ = {
			isa = XCConfigurationList;
			buildConfigurations = (
				5232F74A18F2403D009EEB77 /* Debug */,
				5232F74B18F2403D009EEB77 /* Release */,
			);
			defaultConfigurationIsVisible = 0;
			defaultConfigurationName = Release;
		};
		5232F74C18F2403D009EEB77 /* Build configuration list for PBXNativeTarget "SuperSparrow" */ = {
			isa = XCConfigurationList;
			buildConfigurations = (
				5232F74D18F2403D009EEB77 /* Debug */,
				5232F74E18F2403D009EEB77 /* Release */,
			);
			defaultConfigurationIsVisible = 0;
			defaultConfigurationName = Release;
		};
		5232F74F18F2403D009EEB77 /* Build configuration list for PBXNativeTarget "SuperSparrowTests" */ = {
			isa = XCConfigurationList;
			buildConfigurations = (
				5232F75018F2403D009EEB77 /* Debug */,
				5232F75118F2403D009EEB77 /* Release */,
			);
			defaultConfigurationIsVisible = 0;
			defaultConfigurationName = Release;
		};
/* End XCConfigurationList section */
	};
	rootObject = 5232F70B18F2403D009EEB77 /* Project object */;
}
